
Microsoft Visual Studio Solution File, Format Version 12.00
# Visual Studio 15
VisualStudioVersion = 15.0.28307.1340
MinimumVisualStudioVersion = 10.0.40219.1
Project("{8BC9CEB8-8B4A-11D0-8D11-00A0C91BC942}") = "로또", "로또\로또.vcxproj", "{475AD014-600E-40A0-ADAF-BC018F84A63C}"
EndProject
Global
	GlobalSection(SolutionConfigurationPlatforms) = preSolution
		Debug|x64 = Debug|x64
		Debug|x86 = Debug|x86
		Release|x64 = Release|x64
		Release|x86 = Release|x86
	EndGlobalSection
	GlobalSection(ProjectConfigurationPlatforms) = postSolution
		{475AD014-600E-40A0-ADAF-BC018F84A63C}.Debug|x64.ActiveCfg = Debug|x64
		{475AD014-600E-40A0-ADAF-BC018F84A63C}.Debug|x64.Build.0 = Debug|x64
		{475AD014-600E-40A0-ADAF-BC018F84A63C}.Debug|x86.ActiveCfg = Debug|Win32
		{475AD014-600E-40A0-ADAF-BC018F84A63C}.Debug|x86.Build.0 = Debug|Win32
		{475AD014-600E-40A0-ADAF-BC018F84A63C}.Release|x64.ActiveCfg = Release|x64
		{475AD014-600E-40A0-ADAF-BC018F84A63C}.Release|x64.Build.0 = Release|x64
		{475AD014-600E-40A0-ADAF-BC018F84A63C}.Release|x86.ActiveCfg = Release|Win32
		{475AD014-600E-40A0-ADAF-BC018F84A63C}.Release|x86.Build.0 = Release|Win32
	EndGlobalSection
	GlobalSection(SolutionProperties) = preSolution
		HideSolutionNode = FALSE
	EndGlobalSection
	GlobalSection(ExtensibilityGlobals) = postSolution
		SolutionGuid = {1EA64F3E-3E74-4B26-86FB-939D369DB2B9}
	EndGlobalSection
EndGlobal
