
Microsoft Visual Studio Solution File, Format Version 12.00
# Visual Studio 15
VisualStudioVersion = 15.0.28307.1340
MinimumVisualStudioVersion = 10.0.40219.1
Project("{8BC9CEB8-8B4A-11D0-8D11-00A0C91BC942}") = "월남뽕게임", "월남뽕게임\월남뽕게임.vcxproj", "{44DFD9B4-F607-4431-AF06-9A01B3A260AE}"
EndProject
Global
	GlobalSection(SolutionConfigurationPlatforms) = preSolution
		Debug|x64 = Debug|x64
		Debug|x86 = Debug|x86
		Release|x64 = Release|x64
		Release|x86 = Release|x86
	EndGlobalSection
	GlobalSection(ProjectConfigurationPlatforms) = postSolution
		{44DFD9B4-F607-4431-AF06-9A01B3A260AE}.Debug|x64.ActiveCfg = Debug|x64
		{44DFD9B4-F607-4431-AF06-9A01B3A260AE}.Debug|x64.Build.0 = Debug|x64
		{44DFD9B4-F607-4431-AF06-9A01B3A260AE}.Debug|x86.ActiveCfg = Debug|Win32
		{44DFD9B4-F607-4431-AF06-9A01B3A260AE}.Debug|x86.Build.0 = Debug|Win32
		{44DFD9B4-F607-4431-AF06-9A01B3A260AE}.Release|x64.ActiveCfg = Release|x64
		{44DFD9B4-F607-4431-AF06-9A01B3A260AE}.Release|x64.Build.0 = Release|x64
		{44DFD9B4-F607-4431-AF06-9A01B3A260AE}.Release|x86.ActiveCfg = Release|Win32
		{44DFD9B4-F607-4431-AF06-9A01B3A260AE}.Release|x86.Build.0 = Release|Win32
	EndGlobalSection
	GlobalSection(SolutionProperties) = preSolution
		HideSolutionNode = FALSE
	EndGlobalSection
	GlobalSection(ExtensibilityGlobals) = postSolution
		SolutionGuid = {131DFD34-12BA-41DC-9AED-7E88617DBDB7}
	EndGlobalSection
EndGlobal
