
Microsoft Visual Studio Solution File, Format Version 12.00
# Visual Studio 15
VisualStudioVersion = 15.0.28307.1340
MinimumVisualStudioVersion = 10.0.40219.1
Project("{8BC9CEB8-8B4A-11D0-8D11-00A0C91BC942}") = "project2", "project2\project2.vcxproj", "{148F8890-2732-4AA2-925C-688963926380}"
EndProject
Global
	GlobalSection(SolutionConfigurationPlatforms) = preSolution
		Debug|x64 = Debug|x64
		Debug|x86 = Debug|x86
		Release|x64 = Release|x64
		Release|x86 = Release|x86
	EndGlobalSection
	GlobalSection(ProjectConfigurationPlatforms) = postSolution
		{148F8890-2732-4AA2-925C-688963926380}.Debug|x64.ActiveCfg = Debug|x64
		{148F8890-2732-4AA2-925C-688963926380}.Debug|x64.Build.0 = Debug|x64
		{148F8890-2732-4AA2-925C-688963926380}.Debug|x86.ActiveCfg = Debug|Win32
		{148F8890-2732-4AA2-925C-688963926380}.Debug|x86.Build.0 = Debug|Win32
		{148F8890-2732-4AA2-925C-688963926380}.Release|x64.ActiveCfg = Release|x64
		{148F8890-2732-4AA2-925C-688963926380}.Release|x64.Build.0 = Release|x64
		{148F8890-2732-4AA2-925C-688963926380}.Release|x86.ActiveCfg = Release|Win32
		{148F8890-2732-4AA2-925C-688963926380}.Release|x86.Build.0 = Release|Win32
	EndGlobalSection
	GlobalSection(SolutionProperties) = preSolution
		HideSolutionNode = FALSE
	EndGlobalSection
	GlobalSection(ExtensibilityGlobals) = postSolution
		SolutionGuid = {2FF534F4-60F5-4AA9-B32A-086C565E320D}
	EndGlobalSection
EndGlobal
